// !$*UTF8*$!
{
	archiveVersion = 1;
	classes = {
	};
	objectVersion = 56;
	objects = {

/* Begin PBXBuildFile section */
		823A5D932AA28A6000D5DE07 /* SpaceApp.swift in Sources */ = {isa = PBXBuildFile; fileRef = 823A5D922AA28A6000D5DE07 /* SpaceApp.swift */; };
		823A5D952AA28A6000D5DE07 /* AppView.swift in Sources */ = {isa = PBXBuildFile; fileRef = 823A5D942AA28A6000D5DE07 /* AppView.swift */; };
		823A5D972AA28A6100D5DE07 /* Assets.xcassets in Resources */ = {isa = PBXBuildFile; fileRef = 823A5D962AA28A6100D5DE07 /* Assets.xcassets */; };
		823A5D9A2AA28A6100D5DE07 /* Preview Assets.xcassets in Resources */ = {isa = PBXBuildFile; fileRef = 823A5D992AA28A6100D5DE07 /* Preview Assets.xcassets */; };
		823A5DA42AA28A6200D5DE07 /* SpaceTests.swift in Sources */ = {isa = PBXBuildFile; fileRef = 823A5DA32AA28A6200D5DE07 /* SpaceTests.swift */; };
		82C2DEF72AA5D1AA003390D3 /* Configuration.plist in Resources */ = {isa = PBXBuildFile; fileRef = 82C2DEF62AA5D1AA003390D3 /* Configuration.plist */; };
		82C2DEFB2AA5D1D3003390D3 /* Marvel.swift in Sources */ = {isa = PBXBuildFile; fileRef = 82C2DEF92AA5D1D3003390D3 /* Marvel.swift */; };
		82C2DEFC2AA5D1D3003390D3 /* MarvelClient.swift in Sources */ = {isa = PBXBuildFile; fileRef = 82C2DEFA2AA5D1D3003390D3 /* MarvelClient.swift */; };
		82C2DF012AA5D206003390D3 /* Character.swift in Sources */ = {isa = PBXBuildFile; fileRef = 82C2DEFE2AA5D206003390D3 /* Character.swift */; };
		82C2DF022AA5D206003390D3 /* Response.swift in Sources */ = {isa = PBXBuildFile; fileRef = 82C2DEFF2AA5D206003390D3 /* Response.swift */; };
		82C2DF032AA5D206003390D3 /* PaginatedInfo.swift in Sources */ = {isa = PBXBuildFile; fileRef = 82C2DF002AA5D206003390D3 /* PaginatedInfo.swift */; };
		82C2DF092AA5D292003390D3 /* Extension.swift in Sources */ = {isa = PBXBuildFile; fileRef = 82C2DF052AA5D292003390D3 /* Extension.swift */; };
		82C2DF0A2AA5D292003390D3 /* String+MD5.swift in Sources */ = {isa = PBXBuildFile; fileRef = 82C2DF062AA5D292003390D3 /* String+MD5.swift */; };
		82C2DF0B2AA5D292003390D3 /* NetworkError.swift in Sources */ = {isa = PBXBuildFile; fileRef = 82C2DF072AA5D292003390D3 /* NetworkError.swift */; };
		82C2DF0C2AA5D292003390D3 /* Constant.swift in Sources */ = {isa = PBXBuildFile; fileRef = 82C2DF082AA5D292003390D3 /* Constant.swift */; };
		82C2DF0F2AA5D66E003390D3 /* CharactersGrid.swift in Sources */ = {isa = PBXBuildFile; fileRef = 82C2DF0E2AA5D66E003390D3 /* CharactersGrid.swift */; };
		82C2DF112AA5D677003390D3 /* GridCell.swift in Sources */ = {isa = PBXBuildFile; fileRef = 82C2DF102AA5D677003390D3 /* GridCell.swift */; };
		82C2DF132AA5E536003390D3 /* CharactersGrid+Model.swift in Sources */ = {isa = PBXBuildFile; fileRef = 82C2DF122AA5E536003390D3 /* CharactersGrid+Model.swift */; };
		82C2DF152AA5ED98003390D3 /* CacheAsyncImage.swift in Sources */ = {isa = PBXBuildFile; fileRef = 82C2DF142AA5ED98003390D3 /* CacheAsyncImage.swift */; };
/* End PBXBuildFile section */

/* Begin PBXContainerItemProxy section */
		823A5DA02AA28A6200D5DE07 /* PBXContainerItemProxy */ = {
			isa = PBXContainerItemProxy;
			containerPortal = 823A5D872AA28A6000D5DE07 /* Project object */;
			proxyType = 1;
			remoteGlobalIDString = 823A5D8E2AA28A6000D5DE07;
			remoteInfo = Space;
		};
		823A5DAA2AA28A6200D5DE07 /* PBXContainerItemProxy */ = {
			isa = PBXContainerItemProxy;
			containerPortal = 823A5D872AA28A6000D5DE07 /* Project object */;
			proxyType = 1;
			remoteGlobalIDString = 823A5D8E2AA28A6000D5DE07;
			remoteInfo = Space;
		};
/* End PBXContainerItemProxy section */

/* Begin PBXFileReference section */
		823A5D8F2AA28A6000D5DE07 /* Space.app */ = {isa = PBXFileReference; explicitFileType = wrapper.application; includeInIndex = 0; path = Space.app; sourceTree = BUILT_PRODUCTS_DIR; };
		823A5D922AA28A6000D5DE07 /* SpaceApp.swift */ = {isa = PBXFileReference; lastKnownFileType = sourcecode.swift; path = SpaceApp.swift; sourceTree = "<group>"; };
		823A5D942AA28A6000D5DE07 /* AppView.swift */ = {isa = PBXFileReference; lastKnownFileType = sourcecode.swift; path = AppView.swift; sourceTree = "<group>"; };
		823A5D962AA28A6100D5DE07 /* Assets.xcassets */ = {isa = PBXFileReference; lastKnownFileType = folder.assetcatalog; path = Assets.xcassets; sourceTree = "<group>"; };
		823A5D992AA28A6100D5DE07 /* Preview Assets.xcassets */ = {isa = PBXFileReference; lastKnownFileType = folder.assetcatalog; path = "Preview Assets.xcassets"; sourceTree = "<group>"; };
		823A5D9F2AA28A6200D5DE07 /* SpaceTests.xctest */ = {isa = PBXFileReference; explicitFileType = wrapper.cfbundle; includeInIndex = 0; path = SpaceTests.xctest; sourceTree = BUILT_PRODUCTS_DIR; };
		823A5DA32AA28A6200D5DE07 /* SpaceTests.swift */ = {isa = PBXFileReference; lastKnownFileType = sourcecode.swift; path = SpaceTests.swift; sourceTree = "<group>"; };
		823A5DA92AA28A6200D5DE07 /* SpaceUITests.xctest */ = {isa = PBXFileReference; explicitFileType = wrapper.cfbundle; includeInIndex = 0; path = SpaceUITests.xctest; sourceTree = BUILT_PRODUCTS_DIR; };
		82C2DEF62AA5D1AA003390D3 /* Configuration.plist */ = {isa = PBXFileReference; fileEncoding = 4; lastKnownFileType = text.plist.xml; path = Configuration.plist; sourceTree = "<group>"; };
		82C2DEF92AA5D1D3003390D3 /* Marvel.swift */ = {isa = PBXFileReference; fileEncoding = 4; lastKnownFileType = sourcecode.swift; path = Marvel.swift; sourceTree = "<group>"; };
		82C2DEFA2AA5D1D3003390D3 /* MarvelClient.swift */ = {isa = PBXFileReference; fileEncoding = 4; lastKnownFileType = sourcecode.swift; path = MarvelClient.swift; sourceTree = "<group>"; };
		82C2DEFE2AA5D206003390D3 /* Character.swift */ = {isa = PBXFileReference; fileEncoding = 4; lastKnownFileType = sourcecode.swift; path = Character.swift; sourceTree = "<group>"; };
		82C2DEFF2AA5D206003390D3 /* Response.swift */ = {isa = PBXFileReference; fileEncoding = 4; lastKnownFileType = sourcecode.swift; path = Response.swift; sourceTree = "<group>"; };
		82C2DF002AA5D206003390D3 /* PaginatedInfo.swift */ = {isa = PBXFileReference; fileEncoding = 4; lastKnownFileType = sourcecode.swift; path = PaginatedInfo.swift; sourceTree = "<group>"; };
		82C2DF052AA5D292003390D3 /* Extension.swift */ = {isa = PBXFileReference; fileEncoding = 4; lastKnownFileType = sourcecode.swift; path = Extension.swift; sourceTree = "<group>"; };
		82C2DF062AA5D292003390D3 /* String+MD5.swift */ = {isa = PBXFileReference; fileEncoding = 4; lastKnownFileType = sourcecode.swift; path = "String+MD5.swift"; sourceTree = "<group>"; };
		82C2DF072AA5D292003390D3 /* NetworkError.swift */ = {isa = PBXFileReference; fileEncoding = 4; lastKnownFileType = sourcecode.swift; path = NetworkError.swift; sourceTree = "<group>"; };
		82C2DF082AA5D292003390D3 /* Constant.swift */ = {isa = PBXFileReference; fileEncoding = 4; lastKnownFileType = sourcecode.swift; path = Constant.swift; sourceTree = "<group>"; };
		82C2DF0E2AA5D66E003390D3 /* CharactersGrid.swift */ = {isa = PBXFileReference; fileEncoding = 4; lastKnownFileType = sourcecode.swift; path = CharactersGrid.swift; sourceTree = "<group>"; };
		82C2DF102AA5D677003390D3 /* GridCell.swift */ = {isa = PBXFileReference; fileEncoding = 4; lastKnownFileType = sourcecode.swift; path = GridCell.swift; sourceTree = "<group>"; };
		82C2DF122AA5E536003390D3 /* CharactersGrid+Model.swift */ = {isa = PBXFileReference; lastKnownFileType = sourcecode.swift; path = "CharactersGrid+Model.swift"; sourceTree = "<group>"; };
		82C2DF142AA5ED98003390D3 /* CacheAsyncImage.swift */ = {isa = PBXFileReference; fileEncoding = 4; lastKnownFileType = sourcecode.swift; path = CacheAsyncImage.swift; sourceTree = "<group>"; };
		82C2DF162AA5EF36003390D3 /* Info.plist */ = {isa = PBXFileReference; lastKnownFileType = text.plist; path = Info.plist; sourceTree = "<group>"; };
/* End PBXFileReference section */

/* Begin PBXFrameworksBuildPhase section */
		823A5D8C2AA28A6000D5DE07 /* Frameworks */ = {
			isa = PBXFrameworksBuildPhase;
			buildActionMask = 2147483647;
			files = (
			);
			runOnlyForDeploymentPostprocessing = 0;
		};
		823A5D9C2AA28A6200D5DE07 /* Frameworks */ = {
			isa = PBXFrameworksBuildPhase;
			buildActionMask = 2147483647;
			files = (
			);
			runOnlyForDeploymentPostprocessing = 0;
		};
		823A5DA62AA28A6200D5DE07 /* Frameworks */ = {
			isa = PBXFrameworksBuildPhase;
			buildActionMask = 2147483647;
			files = (
			);
			runOnlyForDeploymentPostprocessing = 0;
		};
/* End PBXFrameworksBuildPhase section */

/* Begin PBXGroup section */
		823A5D862AA28A6000D5DE07 = {
			isa = PBXGroup;
			children = (
				823A5D912AA28A6000D5DE07 /* Space */,
				823A5DA22AA28A6200D5DE07 /* SpaceTests */,
				823A5D902AA28A6000D5DE07 /* Products */,
			);
			sourceTree = "<group>";
		};
		823A5D902AA28A6000D5DE07 /* Products */ = {
			isa = PBXGroup;
			children = (
				823A5D8F2AA28A6000D5DE07 /* Space.app */,
				823A5D9F2AA28A6200D5DE07 /* SpaceTests.xctest */,
				823A5DA92AA28A6200D5DE07 /* SpaceUITests.xctest */,
			);
			name = Products;
			sourceTree = "<group>";
		};
		823A5D912AA28A6000D5DE07 /* Space */ = {
			isa = PBXGroup;
			children = (
				82C2DF162AA5EF36003390D3 /* Info.plist */,
				823A5D922AA28A6000D5DE07 /* SpaceApp.swift */,
				82C2DF0D2AA5D661003390D3 /* View */,
				82C2DF042AA5D273003390D3 /* Helper */,
				82C2DEFD2AA5D1F5003390D3 /* Model */,
				82C2DEF82AA5D1B2003390D3 /* Client */,
				82C2DEF52AA5D19F003390D3 /* Resource */,
				823A5D962AA28A6100D5DE07 /* Assets.xcassets */,
				823A5D982AA28A6100D5DE07 /* Preview Content */,
			);
			path = Space;
			sourceTree = "<group>";
		};
		823A5D982AA28A6100D5DE07 /* Preview Content */ = {
			isa = PBXGroup;
			children = (
				823A5D992AA28A6100D5DE07 /* Preview Assets.xcassets */,
			);
			path = "Preview Content";
			sourceTree = "<group>";
		};
		823A5DA22AA28A6200D5DE07 /* SpaceTests */ = {
			isa = PBXGroup;
			children = (
				823A5DA32AA28A6200D5DE07 /* SpaceTests.swift */,
			);
			path = SpaceTests;
			sourceTree = "<group>";
		};
		82C2DEF52AA5D19F003390D3 /* Resource */ = {
			isa = PBXGroup;
			children = (
				82C2DEF62AA5D1AA003390D3 /* Configuration.plist */,
			);
			path = Resource;
			sourceTree = "<group>";
		};
		82C2DEF82AA5D1B2003390D3 /* Client */ = {
			isa = PBXGroup;
			children = (
				82C2DEF92AA5D1D3003390D3 /* Marvel.swift */,
				82C2DEFA2AA5D1D3003390D3 /* MarvelClient.swift */,
			);
			path = Client;
			sourceTree = "<group>";
		};
		82C2DEFD2AA5D1F5003390D3 /* Model */ = {
			isa = PBXGroup;
			children = (
				82C2DEFE2AA5D206003390D3 /* Character.swift */,
				82C2DF002AA5D206003390D3 /* PaginatedInfo.swift */,
				82C2DEFF2AA5D206003390D3 /* Response.swift */,
			);
			path = Model;
			sourceTree = "<group>";
		};
		82C2DF042AA5D273003390D3 /* Helper */ = {
			isa = PBXGroup;
			children = (
				82C2DF082AA5D292003390D3 /* Constant.swift */,
				82C2DF052AA5D292003390D3 /* Extension.swift */,
				82C2DF072AA5D292003390D3 /* NetworkError.swift */,
				82C2DF062AA5D292003390D3 /* String+MD5.swift */,
			);
			path = Helper;
			sourceTree = "<group>";
		};
		82C2DF0D2AA5D661003390D3 /* View */ = {
			isa = PBXGroup;
			children = (
				823A5D942AA28A6000D5DE07 /* AppView.swift */,
				82C2DF0E2AA5D66E003390D3 /* CharactersGrid.swift */,
				82C2DF122AA5E536003390D3 /* CharactersGrid+Model.swift */,
				82C2DF102AA5D677003390D3 /* GridCell.swift */,
				82C2DF142AA5ED98003390D3 /* CacheAsyncImage.swift */,
			);
			path = View;
			sourceTree = "<group>";
		};
/* End PBXGroup section */

/* Begin PBXNativeTarget section */
		823A5D8E2AA28A6000D5DE07 /* Space */ = {
			isa = PBXNativeTarget;
			buildConfigurationList = 823A5DB32AA28A6200D5DE07 /* Build configuration list for PBXNativeTarget "Space" */;
			buildPhases = (
				823A5D8B2AA28A6000D5DE07 /* Sources */,
				823A5D8C2AA28A6000D5DE07 /* Frameworks */,
				823A5D8D2AA28A6000D5DE07 /* Resources */,
			);
			buildRules = (
			);
			dependencies = (
			);
			name = Space;
			productName = Space;
			productReference = 823A5D8F2AA28A6000D5DE07 /* Space.app */;
			productType = "com.apple.product-type.application";
		};
		823A5D9E2AA28A6200D5DE07 /* SpaceTests */ = {
			isa = PBXNativeTarget;
			buildConfigurationList = 823A5DB62AA28A6200D5DE07 /* Build configuration list for PBXNativeTarget "SpaceTests" */;
			buildPhases = (
				823A5D9B2AA28A6200D5DE07 /* Sources */,
				823A5D9C2AA28A6200D5DE07 /* Frameworks */,
				823A5D9D2AA28A6200D5DE07 /* Resources */,
			);
			buildRules = (
			);
			dependencies = (
				823A5DA12AA28A6200D5DE07 /* PBXTargetDependency */,
			);
			name = SpaceTests;
			productName = SpaceTests;
			productReference = 823A5D9F2AA28A6200D5DE07 /* SpaceTests.xctest */;
			productType = "com.apple.product-type.bundle.unit-test";
		};
		823A5DA82AA28A6200D5DE07 /* SpaceUITests */ = {
			isa = PBXNativeTarget;
			buildConfigurationList = 823A5DB92AA28A6200D5DE07 /* Build configuration list for PBXNativeTarget "SpaceUITests" */;
			buildPhases = (
				823A5DA52AA28A6200D5DE07 /* Sources */,
				823A5DA62AA28A6200D5DE07 /* Frameworks */,
				823A5DA72AA28A6200D5DE07 /* Resources */,
			);
			buildRules = (
			);
			dependencies = (
				823A5DAB2AA28A6200D5DE07 /* PBXTargetDependency */,
			);
			name = SpaceUITests;
			productName = SpaceUITests;
			productReference = 823A5DA92AA28A6200D5DE07 /* SpaceUITests.xctest */;
			productType = "com.apple.product-type.bundle.ui-testing";
		};
/* End PBXNativeTarget section */

/* Begin PBXProject section */
		823A5D872AA28A6000D5DE07 /* Project object */ = {
			isa = PBXProject;
			attributes = {
				BuildIndependentTargetsInParallel = 1;
				LastSwiftUpdateCheck = 1430;
				LastUpgradeCheck = 1430;
				TargetAttributes = {
					823A5D8E2AA28A6000D5DE07 = {
						CreatedOnToolsVersion = 14.3;
					};
					823A5D9E2AA28A6200D5DE07 = {
						CreatedOnToolsVersion = 14.3;
						TestTargetID = 823A5D8E2AA28A6000D5DE07;
					};
					823A5DA82AA28A6200D5DE07 = {
						CreatedOnToolsVersion = 14.3;
						TestTargetID = 823A5D8E2AA28A6000D5DE07;
					};
				};
			};
			buildConfigurationList = 823A5D8A2AA28A6000D5DE07 /* Build configuration list for PBXProject "Space" */;
			compatibilityVersion = "Xcode 14.0";
			developmentRegion = en;
			hasScannedForEncodings = 0;
			knownRegions = (
				en,
				Base,
			);
			mainGroup = 823A5D862AA28A6000D5DE07;
			productRefGroup = 823A5D902AA28A6000D5DE07 /* Products */;
			projectDirPath = "";
			projectRoot = "";
			targets = (
				823A5D8E2AA28A6000D5DE07 /* Space */,
				823A5D9E2AA28A6200D5DE07 /* SpaceTests */,
				823A5DA82AA28A6200D5DE07 /* SpaceUITests */,
			);
		};
/* End PBXProject section */

/* Begin PBXResourcesBuildPhase section */
		823A5D8D2AA28A6000D5DE07 /* Resources */ = {
			isa = PBXResourcesBuildPhase;
			buildActionMask = 2147483647;
			files = (
				82C2DEF72AA5D1AA003390D3 /* Configuration.plist in Resources */,
				823A5D9A2AA28A6100D5DE07 /* Preview Assets.xcassets in Resources */,
				823A5D972AA28A6100D5DE07 /* Assets.xcassets in Resources */,
			);
			runOnlyForDeploymentPostprocessing = 0;
		};
		823A5D9D2AA28A6200D5DE07 /* Resources */ = {
			isa = PBXResourcesBuildPhase;
			buildActionMask = 2147483647;
			files = (
			);
			runOnlyForDeploymentPostprocessing = 0;
		};
		823A5DA72AA28A6200D5DE07 /* Resources */ = {
			isa = PBXResourcesBuildPhase;
			buildActionMask = 2147483647;
			files = (
			);
			runOnlyForDeploymentPostprocessing = 0;
		};
/* End PBXResourcesBuildPhase section */

/* Begin PBXSourcesBuildPhase section */
		823A5D8B2AA28A6000D5DE07 /* Sources */ = {
			isa = PBXSourcesBuildPhase;
			buildActionMask = 2147483647;
			files = (
				82C2DF032AA5D206003390D3 /* PaginatedInfo.swift in Sources */,
				82C2DF0F2AA5D66E003390D3 /* CharactersGrid.swift in Sources */,
				82C2DEFB2AA5D1D3003390D3 /* Marvel.swift in Sources */,
				823A5D952AA28A6000D5DE07 /* AppView.swift in Sources */,
				82C2DF0A2AA5D292003390D3 /* String+MD5.swift in Sources */,
				82C2DF012AA5D206003390D3 /* Character.swift in Sources */,
				823A5D932AA28A6000D5DE07 /* SpaceApp.swift in Sources */,
				82C2DF112AA5D677003390D3 /* GridCell.swift in Sources */,
				82C2DF022AA5D206003390D3 /* Response.swift in Sources */,
				82C2DF132AA5E536003390D3 /* CharactersGrid+Model.swift in Sources */,
				82C2DEFC2AA5D1D3003390D3 /* MarvelClient.swift in Sources */,
				82C2DF152AA5ED98003390D3 /* CacheAsyncImage.swift in Sources */,
				82C2DF0C2AA5D292003390D3 /* Constant.swift in Sources */,
				82C2DF092AA5D292003390D3 /* Extension.swift in Sources */,
				82C2DF0B2AA5D292003390D3 /* NetworkError.swift in Sources */,
			);
			runOnlyForDeploymentPostprocessing = 0;
		};
		823A5D9B2AA28A6200D5DE07 /* Sources */ = {
			isa = PBXSourcesBuildPhase;
			buildActionMask = 2147483647;
			files = (
				823A5DA42AA28A6200D5DE07 /* SpaceTests.swift in Sources */,
			);
			runOnlyForDeploymentPostprocessing = 0;
		};
		823A5DA52AA28A6200D5DE07 /* Sources */ = {
			isa = PBXSourcesBuildPhase;
			buildActionMask = 2147483647;
			files = (
			);
			runOnlyForDeploymentPostprocessing = 0;
		};
/* End PBXSourcesBuildPhase section */

/* Begin PBXTargetDependency section */
		823A5DA12AA28A6200D5DE07 /* PBXTargetDependency */ = {
			isa = PBXTargetDependency;
			target = 823A5D8E2AA28A6000D5DE07 /* Space */;
			targetProxy = 823A5DA02AA28A6200D5DE07 /* PBXContainerItemProxy */;
		};
		823A5DAB2AA28A6200D5DE07 /* PBXTargetDependency */ = {
			isa = PBXTargetDependency;
			target = 823A5D8E2AA28A6000D5DE07 /* Space */;
			targetProxy = 823A5DAA2AA28A6200D5DE07 /* PBXContainerItemProxy */;
		};
/* End PBXTargetDependency section */

/* Begin XCBuildConfiguration section */
		823A5DB12AA28A6200D5DE07 /* Debug */ = {
			isa = XCBuildConfiguration;
			buildSettings = {
				ALWAYS_SEARCH_USER_PATHS = NO;
				CLANG_ANALYZER_NONNULL = YES;
				CLANG_ANALYZER_NUMBER_OBJECT_CONVERSION = YES_AGGRESSIVE;
				CLANG_CXX_LANGUAGE_STANDARD = "gnu++20";
				CLANG_ENABLE_MODULES = YES;
				CLANG_ENABLE_OBJC_ARC = YES;
				CLANG_ENABLE_OBJC_WEAK = YES;
				CLANG_WARN_BLOCK_CAPTURE_AUTORELEASING = YES;
				CLANG_WARN_BOOL_CONVERSION = YES;
				CLANG_WARN_COMMA = YES;
				CLANG_WARN_CONSTANT_CONVERSION = YES;
				CLANG_WARN_DEPRECATED_OBJC_IMPLEMENTATIONS = YES;
				CLANG_WARN_DIRECT_OBJC_ISA_USAGE = YES_ERROR;
				CLANG_WARN_DOCUMENTATION_COMMENTS = YES;
				CLANG_WARN_EMPTY_BODY = YES;
				CLANG_WARN_ENUM_CONVERSION = YES;
				CLANG_WARN_INFINITE_RECURSION = YES;
				CLANG_WARN_INT_CONVERSION = YES;
				CLANG_WARN_NON_LITERAL_NULL_CONVERSION = YES;
				CLANG_WARN_OBJC_IMPLICIT_RETAIN_SELF = YES;
				CLANG_WARN_OBJC_LITERAL_CONVERSION = YES;
				CLANG_WARN_OBJC_ROOT_CLASS = YES_ERROR;
				CLANG_WARN_QUOTED_INCLUDE_IN_FRAMEWORK_HEADER = YES;
				CLANG_WARN_RANGE_LOOP_ANALYSIS = YES;
				CLANG_WARN_STRICT_PROTOTYPES = YES;
				CLANG_WARN_SUSPICIOUS_MOVE = YES;
				CLANG_WARN_UNGUARDED_AVAILABILITY = YES_AGGRESSIVE;
				CLANG_WARN_UNREACHABLE_CODE = YES;
				CLANG_WARN__DUPLICATE_METHOD_MATCH = YES;
				COPY_PHASE_STRIP = NO;
				DEBUG_INFORMATION_FORMAT = dwarf;
				ENABLE_STRICT_OBJC_MSGSEND = YES;
				ENABLE_TESTABILITY = YES;
				GCC_C_LANGUAGE_STANDARD = gnu11;
				GCC_DYNAMIC_NO_PIC = NO;
				GCC_NO_COMMON_BLOCKS = YES;
				GCC_OPTIMIZATION_LEVEL = 0;
				GCC_PREPROCESSOR_DEFINITIONS = (
					"DEBUG=1",
					"$(inherited)",
				);
				GCC_WARN_64_TO_32_BIT_CONVERSION = YES;
				GCC_WARN_ABOUT_RETURN_TYPE = YES_ERROR;
				GCC_WARN_UNDECLARED_SELECTOR = YES;
				GCC_WARN_UNINITIALIZED_AUTOS = YES_AGGRESSIVE;
				GCC_WARN_UNUSED_FUNCTION = YES;
				GCC_WARN_UNUSED_VARIABLE = YES;
				IPHONEOS_DEPLOYMENT_TARGET = 16.4;
				MTL_ENABLE_DEBUG_INFO = INCLUDE_SOURCE;
				MTL_FAST_MATH = YES;
				ONLY_ACTIVE_ARCH = YES;
				SDKROOT = iphoneos;
				SWIFT_ACTIVE_COMPILATION_CONDITIONS = DEBUG;
				SWIFT_OPTIMIZATION_LEVEL = "-Onone";
			};
			name = Debug;
		};
		823A5DB22AA28A6200D5DE07 /* Release */ = {
			isa = XCBuildConfiguration;
			buildSettings = {
				ALWAYS_SEARCH_USER_PATHS = NO;
				CLANG_ANALYZER_NONNULL = YES;
				CLANG_ANALYZER_NUMBER_OBJECT_CONVERSION = YES_AGGRESSIVE;
				CLANG_CXX_LANGUAGE_STANDARD = "gnu++20";
				CLANG_ENABLE_MODULES = YES;
				CLANG_ENABLE_OBJC_ARC = YES;
				CLANG_ENABLE_OBJC_WEAK = YES;
				CLANG_WARN_BLOCK_CAPTURE_AUTORELEASING = YES;
				CLANG_WARN_BOOL_CONVERSION = YES;
				CLANG_WARN_COMMA = YES;
				CLANG_WARN_CONSTANT_CONVERSION = YES;
				CLANG_WARN_DEPRECATED_OBJC_IMPLEMENTATIONS = YES;
				CLANG_WARN_DIRECT_OBJC_ISA_USAGE = YES_ERROR;
				CLANG_WARN_DOCUMENTATION_COMMENTS = YES;
				CLANG_WARN_EMPTY_BODY = YES;
				CLANG_WARN_ENUM_CONVERSION = YES;
				CLANG_WARN_INFINITE_RECURSION = YES;
				CLANG_WARN_INT_CONVERSION = YES;
				CLANG_WARN_NON_LITERAL_NULL_CONVERSION = YES;
				CLANG_WARN_OBJC_IMPLICIT_RETAIN_SELF = YES;
				CLANG_WARN_OBJC_LITERAL_CONVERSION = YES;
				CLANG_WARN_OBJC_ROOT_CLASS = YES_ERROR;
				CLANG_WARN_QUOTED_INCLUDE_IN_FRAMEWORK_HEADER = YES;
				CLANG_WARN_RANGE_LOOP_ANALYSIS = YES;
				CLANG_WARN_STRICT_PROTOTYPES = YES;
				CLANG_WARN_SUSPICIOUS_MOVE = YES;
				CLANG_WARN_UNGUARDED_AVAILABILITY = YES_AGGRESSIVE;
				CLANG_WARN_UNREACHABLE_CODE = YES;
				CLANG_WARN__DUPLICATE_METHOD_MATCH = YES;
				COPY_PHASE_STRIP = NO;
				DEBUG_INFORMATION_FORMAT = "dwarf-with-dsym";
				ENABLE_NS_ASSERTIONS = NO;
				ENABLE_STRICT_OBJC_MSGSEND = YES;
				GCC_C_LANGUAGE_STANDARD = gnu11;
				GCC_NO_COMMON_BLOCKS = YES;
				GCC_WARN_64_TO_32_BIT_CONVERSION = YES;
				GCC_WARN_ABOUT_RETURN_TYPE = YES_ERROR;
				GCC_WARN_UNDECLARED_SELECTOR = YES;
				GCC_WARN_UNINITIALIZED_AUTOS = YES_AGGRESSIVE;
				GCC_WARN_UNUSED_FUNCTION = YES;
				GCC_WARN_UNUSED_VARIABLE = YES;
				IPHONEOS_DEPLOYMENT_TARGET = 16.4;
				MTL_ENABLE_DEBUG_INFO = NO;
				MTL_FAST_MATH = YES;
				SDKROOT = iphoneos;
				SWIFT_COMPILATION_MODE = wholemodule;
				SWIFT_OPTIMIZATION_LEVEL = "-O";
				VALIDATE_PRODUCT = YES;
			};
			name = Release;
		};
		823A5DB42AA28A6200D5DE07 /* Debug */ = {
			isa = XCBuildConfiguration;
			buildSettings = {
				ASSETCATALOG_COMPILER_APPICON_NAME = AppIcon;
				ASSETCATALOG_COMPILER_GLOBAL_ACCENT_COLOR_NAME = AccentColor;
				CODE_SIGN_STYLE = Automatic;
				CURRENT_PROJECT_VERSION = 1;
				DEVELOPMENT_ASSET_PATHS = "\"Space/Preview Content\"";
				DEVELOPMENT_TEAM = 5GRYUYH345;
				ENABLE_PREVIEWS = YES;
				GENERATE_INFOPLIST_FILE = YES;
				INFOPLIST_FILE = Space/Info.plist;
				INFOPLIST_KEY_UIApplicationSceneManifest_Generation = YES;
				INFOPLIST_KEY_UIApplicationSupportsIndirectInputEvents = YES;
				INFOPLIST_KEY_UILaunchScreen_Generation = YES;
				INFOPLIST_KEY_UISupportedInterfaceOrientations_iPad = "UIInterfaceOrientationPortrait UIInterfaceOrientationPortraitUpsideDown UIInterfaceOrientationLandscapeLeft UIInterfaceOrientationLandscapeRight";
				INFOPLIST_KEY_UISupportedInterfaceOrientations_iPhone = "UIInterfaceOrientationPortrait UIInterfaceOrientationLandscapeLeft UIInterfaceOrientationLandscapeRight";
				LD_RUNPATH_SEARCH_PATHS = (
					"$(inherited)",
					"@executable_path/Frameworks",
				);
				MARKETING_VERSION = 1.0;
				PRODUCT_BUNDLE_IDENTIFIER = com.tca.temp.Space;
				PRODUCT_NAME = "$(TARGET_NAME)";
				SWIFT_EMIT_LOC_STRINGS = YES;
				SWIFT_VERSION = 5.0;
				TARGETED_DEVICE_FAMILY = "1,2";
			};
			name = Debug;
		};
		823A5DB52AA28A6200D5DE07 /* Release */ = {
			isa = XCBuildConfiguration;
			buildSettings = {
				ASSETCATALOG_COMPILER_APPICON_NAME = AppIcon;
				ASSETCATALOG_COMPILER_GLOBAL_ACCENT_COLOR_NAME = AccentColor;
				CODE_SIGN_STYLE = Automatic;
				CURRENT_PROJECT_VERSION = 1;
				DEVELOPMENT_ASSET_PATHS = "\"Space/Preview Content\"";
				DEVELOPMENT_TEAM = 5GRYUYH345;
				ENABLE_PREVIEWS = YES;
				GENERATE_INFOPLIST_FILE = YES;
				INFOPLIST_FILE = Space/Info.plist;
				INFOPLIST_KEY_UIApplicationSceneManifest_Generation = YES;
				INFOPLIST_KEY_UIApplicationSupportsIndirectInputEvents = YES;
				INFOPLIST_KEY_UILaunchScreen_Generation = YES;
				INFOPLIST_KEY_UISupportedInterfaceOrientations_iPad = "UIInterfaceOrientationPortrait UIInterfaceOrientationPortraitUpsideDown UIInterfaceOrientationLandscapeLeft UIInterfaceOrientationLandscapeRight";
				INFOPLIST_KEY_UISupportedInterfaceOrientations_iPhone = "UIInterfaceOrientationPortrait UIInterfaceOrientationLandscapeLeft UIInterfaceOrientationLandscapeRight";
				LD_RUNPATH_SEARCH_PATHS = (
					"$(inherited)",
					"@executable_path/Frameworks",
				);
				MARKETING_VERSION = 1.0;
				PRODUCT_BUNDLE_IDENTIFIER = com.tca.temp.Space;
				PRODUCT_NAME = "$(TARGET_NAME)";
				SWIFT_EMIT_LOC_STRINGS = YES;
				SWIFT_VERSION = 5.0;
				TARGETED_DEVICE_FAMILY = "1,2";
			};
			name = Release;
		};
		823A5DB72AA28A6200D5DE07 /* Debug */ = {
			isa = XCBuildConfiguration;
			buildSettings = {
				ALWAYS_EMBED_SWIFT_STANDARD_LIBRARIES = YES;
				BUNDLE_LOADER = "$(TEST_HOST)";
				CODE_SIGN_STYLE = Automatic;
				CURRENT_PROJECT_VERSION = 1;
				DEVELOPMENT_TEAM = 5GRYUYH345;
				GENERATE_INFOPLIST_FILE = YES;
				IPHONEOS_DEPLOYMENT_TARGET = 16.4;
				MARKETING_VERSION = 1.0;
				PRODUCT_BUNDLE_IDENTIFIER = com.tca.temp.SpaceTests;
				PRODUCT_NAME = "$(TARGET_NAME)";
				SWIFT_EMIT_LOC_STRINGS = NO;
				SWIFT_VERSION = 5.0;
				TARGETED_DEVICE_FAMILY = "1,2";
				TEST_HOST = "$(BUILT_PRODUCTS_DIR)/Space.app/$(BUNDLE_EXECUTABLE_FOLDER_PATH)/Space";
			};
			name = Debug;
		};
		823A5DB82AA28A6200D5DE07 /* Release */ = {
			isa = XCBuildConfiguration;
			buildSettings = {
				ALWAYS_EMBED_SWIFT_STANDARD_LIBRARIES = YES;
				BUNDLE_LOADER = "$(TEST_HOST)";
				CODE_SIGN_STYLE = Automatic;
				CURRENT_PROJECT_VERSION = 1;
				DEVELOPMENT_TEAM = 5GRYUYH345;
				GENERATE_INFOPLIST_FILE = YES;
				IPHONEOS_DEPLOYMENT_TARGET = 16.4;
				MARKETING_VERSION = 1.0;
				PRODUCT_BUNDLE_IDENTIFIER = com.tca.temp.SpaceTests;
				PRODUCT_NAME = "$(TARGET_NAME)";
				SWIFT_EMIT_LOC_STRINGS = NO;
				SWIFT_VERSION = 5.0;
				TARGETED_DEVICE_FAMILY = "1,2";
				TEST_HOST = "$(BUILT_PRODUCTS_DIR)/Space.app/$(BUNDLE_EXECUTABLE_FOLDER_PATH)/Space";
			};
			name = Release;
		};
		823A5DBA2AA28A6200D5DE07 /* Debug */ = {
			isa = XCBuildConfiguration;
			buildSettings = {
				ALWAYS_EMBED_SWIFT_STANDARD_LIBRARIES = YES;
				CODE_SIGN_STYLE = Automatic;
				CURRENT_PROJECT_VERSION = 1;
				DEVELOPMENT_TEAM = 5GRYUYH345;
				GENERATE_INFOPLIST_FILE = YES;
				MARKETING_VERSION = 1.0;
				PRODUCT_BUNDLE_IDENTIFIER = com.tca.temp.SpaceUITests;
				PRODUCT_NAME = "$(TARGET_NAME)";
				SWIFT_EMIT_LOC_STRINGS = NO;
				SWIFT_VERSION = 5.0;
				TARGETED_DEVICE_FAMILY = "1,2";
				TEST_TARGET_NAME = Space;
			};
			name = Debug;
		};
		823A5DBB2AA28A6200D5DE07 /* Release */ = {
			isa = XCBuildConfiguration;
			buildSettings = {
				ALWAYS_EMBED_SWIFT_STANDARD_LIBRARIES = YES;
				CODE_SIGN_STYLE = Automatic;
				CURRENT_PROJECT_VERSION = 1;
				DEVELOPMENT_TEAM = 5GRYUYH345;
				GENERATE_INFOPLIST_FILE = YES;
				MARKETING_VERSION = 1.0;
				PRODUCT_BUNDLE_IDENTIFIER = com.tca.temp.SpaceUITests;
				PRODUCT_NAME = "$(TARGET_NAME)";
				SWIFT_EMIT_LOC_STRINGS = NO;
				SWIFT_VERSION = 5.0;
				TARGETED_DEVICE_FAMILY = "1,2";
				TEST_TARGET_NAME = Space;
			};
			name = Release;
		};
/* End XCBuildConfiguration section */

/* Begin XCConfigurationList section */
		823A5D8A2AA28A6000D5DE07 /* Build configuration list for PBXProject "Space" */ = {
			isa = XCConfigurationList;
			buildConfigurations = (
				823A5DB12AA28A6200D5DE07 /* Debug */,
				823A5DB22AA28A6200D5DE07 /* Release */,
			);
			defaultConfigurationIsVisible = 0;
			defaultConfigurationName = Release;
		};
		823A5DB32AA28A6200D5DE07 /* Build configuration list for PBXNativeTarget "Space" */ = {
			isa = XCConfigurationList;
			buildConfigurations = (
				823A5DB42AA28A6200D5DE07 /* Debug */,
				823A5DB52AA28A6200D5DE07 /* Release */,
			);
			defaultConfigurationIsVisible = 0;
			defaultConfigurationName = Release;
		};
		823A5DB62AA28A6200D5DE07 /* Build configuration list for PBXNativeTarget "SpaceTests" */ = {
			isa = XCConfigurationList;
			buildConfigurations = (
				823A5DB72AA28A6200D5DE07 /* Debug */,
				823A5DB82AA28A6200D5DE07 /* Release */,
			);
			defaultConfigurationIsVisible = 0;
			defaultConfigurationName = Release;
		};
		823A5DB92AA28A6200D5DE07 /* Build configuration list for PBXNativeTarget "SpaceUITests" */ = {
			isa = XCConfigurationList;
			buildConfigurations = (
				823A5DBA2AA28A6200D5DE07 /* Debug */,
				823A5DBB2AA28A6200D5DE07 /* Release */,
			);
			defaultConfigurationIsVisible = 0;
			defaultConfigurationName = Release;
		};
/* End XCConfigurationList section */
	};
	rootObject = 823A5D872AA28A6000D5DE07 /* Project object */;
}
